// !$*UTF8*$!
{
	archiveVersion = 1;
	classes = {
	};
	objectVersion = 46;
	objects = {

/* Begin PBXBuildFile section */
		3F78441219D540E30049537A /* AppDelegate.swift in Sources */ = {isa = PBXBuildFile; fileRef = 3F78441119D540E30049537A /* AppDelegate.swift */; };
		3F78441419D540E30049537A /* ViewController.swift in Sources */ = {isa = PBXBuildFile; fileRef = 3F78441319D540E30049537A /* ViewController.swift */; };
		3F78441719D540E30049537A /* Main.storyboard in Resources */ = {isa = PBXBuildFile; fileRef = 3F78441519D540E30049537A /* Main.storyboard */; };
		3F78441919D540E30049537A /* Images.xcassets in Resources */ = {isa = PBXBuildFile; fileRef = 3F78441819D540E30049537A /* Images.xcassets */; };
		3F78441C19D540E30049537A /* LaunchScreen.xib in Resources */ = {isa = PBXBuildFile; fileRef = 3F78441A19D540E30049537A /* LaunchScreen.xib */; };
		3F78442819D540E30049537A /* lab5Tests.swift in Sources */ = {isa = PBXBuildFile; fileRef = 3F78442719D540E30049537A /* lab5Tests.swift */; };
		3F78443219D541E70049537A /* student.swift in Sources */ = {isa = PBXBuildFile; fileRef = 3F78443119D541E70049537A /* student.swift */; };
/* End PBXBuildFile section */

/* Begin PBXContainerItemProxy section */
		3F78442219D540E30049537A /* PBXContainerItemProxy */ = {
			isa = PBXContainerItemProxy;
			containerPortal = 3F78440419D540E30049537A /* Project object */;
			proxyType = 1;
			remoteGlobalIDString = 3F78440B19D540E30049537A;
			remoteInfo = lab5;
		};
/* End PBXContainerItemProxy section */

/* Begin PBXFileReference section */
		3F78440C19D540E30049537A /* lab5.app */ = {isa = PBXFileReference; explicitFileType = wrapper.application; includeInIndex = 0; path = lab5.app; sourceTree = BUILT_PRODUCTS_DIR; };
		3F78441019D540E30049537A /* Info.plist */ = {isa = PBXFileReference; lastKnownFileType = text.plist.xml; path = Info.plist; sourceTree = "<group>"; };
		3F78441119D540E30049537A /* AppDelegate.swift */ = {isa = PBXFileReference; lastKnownFileType = sourcecode.swift; path = AppDelegate.swift; sourceTree = "<group>"; };
		3F78441319D540E30049537A /* ViewController.swift */ = {isa = PBXFileReference; lastKnownFileType = sourcecode.swift; path = ViewController.swift; sourceTree = "<group>"; };
		3F78441619D540E30049537A /* Base */ = {isa = PBXFileReference; lastKnownFileType = file.storyboard; name = Base; path = Base.lproj/Main.storyboard; sourceTree = "<group>"; };
		3F78441819D540E30049537A /* Images.xcassets */ = {isa = PBXFileReference; lastKnownFileType = folder.assetcatalog; path = Images.xcassets; sourceTree = "<group>"; };
		3F78441B19D540E30049537A /* Base */ = {isa = PBXFileReference; lastKnownFileType = file.xib; name = Base; path = Base.lproj/LaunchScreen.xib; sourceTree = "<group>"; };
		3F78442119D540E30049537A /* lab5Tests.xctest */ = {isa = PBXFileReference; explicitFileType = wrapper.cfbundle; includeInIndex = 0; path = lab5Tests.xctest; sourceTree = BUILT_PRODUCTS_DIR; };
		3F78442619D540E30049537A /* Info.plist */ = {isa = PBXFileReference; lastKnownFileType = text.plist.xml; path = Info.plist; sourceTree = "<group>"; };
		3F78442719D540E30049537A /* lab5Tests.swift */ = {isa = PBXFileReference; lastKnownFileType = sourcecode.swift; path = lab5Tests.swift; sourceTree = "<group>"; };
		3F78443119D541E70049537A /* student.swift */ = {isa = PBXFileReference; fileEncoding = 4; lastKnownFileType = sourcecode.swift; path = student.swift; sourceTree = "<group>"; };
/* End PBXFileReference section */

/* Begin PBXFrameworksBuildPhase section */
		3F78440919D540E30049537A /* Frameworks */ = {
			isa = PBXFrameworksBuildPhase;
			buildActionMask = 2147483647;
			files = (
			);
			runOnlyForDeploymentPostprocessing = 0;
		};
		3F78441E19D540E30049537A /* Frameworks */ = {
			isa = PBXFrameworksBuildPhase;
			buildActionMask = 2147483647;
			files = (
			);
			runOnlyForDeploymentPostprocessing = 0;
		};
/* End PBXFrameworksBuildPhase section */

/* Begin PBXGroup section */
		3F78440319D540E30049537A = {
			isa = PBXGroup;
			children = (
				3F78440E19D540E30049537A /* lab5 */,
				3F78442419D540E30049537A /* lab5Tests */,
				3F78440D19D540E30049537A /* Products */,
			);
			sourceTree = "<group>";
		};
		3F78440D19D540E30049537A /* Products */ = {
			isa = PBXGroup;
			children = (
				3F78440C19D540E30049537A /* lab5.app */,
				3F78442119D540E30049537A /* lab5Tests.xctest */,
			);
			name = Products;
			sourceTree = "<group>";
		};
		3F78440E19D540E30049537A /* lab5 */ = {
			isa = PBXGroup;
			children = (
				3F78441119D540E30049537A /* AppDelegate.swift */,
				3F78441319D540E30049537A /* ViewController.swift */,
				3F78441519D540E30049537A /* Main.storyboard */,
				3F78443119D541E70049537A /* student.swift */,
				3F78441819D540E30049537A /* Images.xcassets */,
				3F78441A19D540E30049537A /* LaunchScreen.xib */,
				3F78440F19D540E30049537A /* Supporting Files */,
			);
			path = lab5;
			sourceTree = "<group>";
		};
		3F78440F19D540E30049537A /* Supporting Files */ = {
			isa = PBXGroup;
			children = (
				3F78441019D540E30049537A /* Info.plist */,
			);
			name = "Supporting Files";
			sourceTree = "<group>";
		};
		3F78442419D540E30049537A /* lab5Tests */ = {
			isa = PBXGroup;
			children = (
				3F78442719D540E30049537A /* lab5Tests.swift */,
				3F78442519D540E30049537A /* Supporting Files */,
			);
			path = lab5Tests;
			sourceTree = "<group>";
		};
		3F78442519D540E30049537A /* Supporting Files */ = {
			isa = PBXGroup;
			children = (
				3F78442619D540E30049537A /* Info.plist */,
			);
			name = "Supporting Files";
			sourceTree = "<group>";
		};
/* End PBXGroup section */

/* Begin PBXNativeTarget section */
		3F78440B19D540E30049537A /* lab5 */ = {
			isa = PBXNativeTarget;
			buildConfigurationList = 3F78442B19D540E30049537A /* Build configuration list for PBXNativeTarget "lab5" */;
			buildPhases = (
				3F78440819D540E30049537A /* Sources */,
				3F78440919D540E30049537A /* Frameworks */,
				3F78440A19D540E30049537A /* Resources */,
			);
			buildRules = (
			);
			dependencies = (
			);
			name = lab5;
			productName = lab5;
			productReference = 3F78440C19D540E30049537A /* lab5.app */;
			productType = "com.apple.product-type.application";
		};
		3F78442019D540E30049537A /* lab5Tests */ = {
			isa = PBXNativeTarget;
			buildConfigurationList = 3F78442E19D540E30049537A /* Build configuration list for PBXNativeTarget "lab5Tests" */;
			buildPhases = (
				3F78441D19D540E30049537A /* Sources */,
				3F78441E19D540E30049537A /* Frameworks */,
				3F78441F19D540E30049537A /* Resources */,
			);
			buildRules = (
			);
			dependencies = (
				3F78442319D540E30049537A /* PBXTargetDependency */,
			);
			name = lab5Tests;
			productName = lab5Tests;
			productReference = 3F78442119D540E30049537A /* lab5Tests.xctest */;
			productType = "com.apple.product-type.bundle.unit-test";
		};
/* End PBXNativeTarget section */

/* Begin PBXProject section */
		3F78440419D540E30049537A /* Project object */ = {
			isa = PBXProject;
			attributes = {
				LastUpgradeCheck = 0600;
				ORGANIZATIONNAME = student;
				TargetAttributes = {
					3F78440B19D540E30049537A = {
						CreatedOnToolsVersion = 6.0;
					};
					3F78442019D540E30049537A = {
						CreatedOnToolsVersion = 6.0;
						TestTargetID = 3F78440B19D540E30049537A;
					};
				};
			};
			buildConfigurationList = 3F78440719D540E30049537A /* Build configuration list for PBXProject "lab5" */;
			compatibilityVersion = "Xcode 3.2";
			developmentRegion = English;
			hasScannedForEncodings = 0;
			knownRegions = (
				en,
				Base,
			);
			mainGroup = 3F78440319D540E30049537A;
			productRefGroup = 3F78440D19D540E30049537A /* Products */;
			projectDirPath = "";
			projectRoot = "";
			targets = (
				3F78440B19D540E30049537A /* lab5 */,
				3F78442019D540E30049537A /* lab5Tests */,
			);
		};
/* End PBXProject section */

/* Begin PBXResourcesBuildPhase section */
		3F78440A19D540E30049537A /* Resources */ = {
			isa = PBXResourcesBuildPhase;
			buildActionMask = 2147483647;
			files = (
				3F78441719D540E30049537A /* Main.storyboard in Resources */,
				3F78441C19D540E30049537A /* LaunchScreen.xib in Resources */,
				3F78441919D540E30049537A /* Images.xcassets in Resources */,
			);
			runOnlyForDeploymentPostprocessing = 0;
		};
		3F78441F19D540E30049537A /* Resources */ = {
			isa = PBXResourcesBuildPhase;
			buildActionMask = 2147483647;
			files = (
			);
			runOnlyForDeploymentPostprocessing = 0;
		};
/* End PBXResourcesBuildPhase section */

/* Begin PBXSourcesBuildPhase section */
		3F78440819D540E30049537A /* Sources */ = {
			isa = PBXSourcesBuildPhase;
			buildActionMask = 2147483647;
			files = (
				3F78441419D540E30049537A /* ViewController.swift in Sources */,
				3F78441219D540E30049537A /* AppDelegate.swift in Sources */,
				3F78443219D541E70049537A /* student.swift in Sources */,
			);
			runOnlyForDeploymentPostprocessing = 0;
		};
		3F78441D19D540E30049537A /* Sources */ = {
			isa = PBXSourcesBuildPhase;
			buildActionMask = 2147483647;
			files = (
				3F78442819D540E30049537A /* lab5Tests.swift in Sources */,
			);
			runOnlyForDeploymentPostprocessing = 0;
		};
/* End PBXSourcesBuildPhase section */

/* Begin PBXTargetDependency section */
		3F78442319D540E30049537A /* PBXTargetDependency */ = {
			isa = PBXTargetDependency;
			target = 3F78440B19D540E30049537A /* lab5 */;
			targetProxy = 3F78442219D540E30049537A /* PBXContainerItemProxy */;
		};
/* End PBXTargetDependency section */

/* Begin PBXVariantGroup section */
		3F78441519D540E30049537A /* Main.storyboard */ = {
			isa = PBXVariantGroup;
			children = (
				3F78441619D540E30049537A /* Base */,
			);
			name = Main.storyboard;
			sourceTree = "<group>";
		};
		3F78441A19D540E30049537A /* LaunchScreen.xib */ = {
			isa = PBXVariantGroup;
			children = (
				3F78441B19D540E30049537A /* Base */,
			);
			name = LaunchScreen.xib;
			sourceTree = "<group>";
		};
/* End PBXVariantGroup section */

/* Begin XCBuildConfiguration section */
		3F78442919D540E30049537A /* Debug */ = {
			isa = XCBuildConfiguration;
			buildSettings = {
				ALWAYS_SEARCH_USER_PATHS = NO;
				CLANG_CXX_LANGUAGE_STANDARD = "gnu++0x";
				CLANG_CXX_LIBRARY = "libc++";
				CLANG_ENABLE_MODULES = YES;
				CLANG_ENABLE_OBJC_ARC = YES;
				CLANG_WARN_BOOL_CONVERSION = YES;
				CLANG_WARN_CONSTANT_CONVERSION = YES;
				CLANG_WARN_DIRECT_OBJC_ISA_USAGE = YES_ERROR;
				CLANG_WARN_EMPTY_BODY = YES;
				CLANG_WARN_ENUM_CONVERSION = YES;
				CLANG_WARN_INT_CONVERSION = YES;
				CLANG_WARN_OBJC_ROOT_CLASS = YES_ERROR;
				CLANG_WARN_UNREACHABLE_CODE = YES;
				CLANG_WARN__DUPLICATE_METHOD_MATCH = YES;
				"CODE_SIGN_IDENTITY[sdk=iphoneos*]" = "iPhone Developer";
				COPY_PHASE_STRIP = NO;
				ENABLE_STRICT_OBJC_MSGSEND = YES;
				GCC_C_LANGUAGE_STANDARD = gnu99;
				GCC_DYNAMIC_NO_PIC = NO;
				GCC_OPTIMIZATION_LEVEL = 0;
				GCC_PREPROCESSOR_DEFINITIONS = (
					"DEBUG=1",
					"$(inherited)",
				);
				GCC_SYMBOLS_PRIVATE_EXTERN = NO;
				GCC_WARN_64_TO_32_BIT_CONVERSION = YES;
				GCC_WARN_ABOUT_RETURN_TYPE = YES_ERROR;
				GCC_WARN_UNDECLARED_SELECTOR = YES;
				GCC_WARN_UNINITIALIZED_AUTOS = YES_AGGRESSIVE;
				GCC_WARN_UNUSED_FUNCTION = YES;
				GCC_WARN_UNUSED_VARIABLE = YES;
				IPHONEOS_DEPLOYMENT_TARGET = 8.0;
				MTL_ENABLE_DEBUG_INFO = YES;
				ONLY_ACTIVE_ARCH = YES;
				SDKROOT = iphoneos;
				SWIFT_OPTIMIZATION_LEVEL = "-Onone";
			};
			name = Debug;
		};
		3F78442A19D540E30049537A /* Release */ = {
			isa = XCBuildConfiguration;
			buildSettings = {
				ALWAYS_SEARCH_USER_PATHS = NO;
				CLANG_CXX_LANGUAGE_STANDARD = "gnu++0x";
				CLANG_CXX_LIBRARY = "libc++";
				CLANG_ENABLE_MODULES = YES;
				CLANG_ENABLE_OBJC_ARC = YES;
				CLANG_WARN_BOOL_CONVERSION = YES;
				CLANG_WARN_CONSTANT_CONVERSION = YES;
				CLANG_WARN_DIRECT_OBJC_ISA_USAGE = YES_ERROR;
				CLANG_WARN_EMPTY_BODY = YES;
				CLANG_WARN_ENUM_CONVERSION = YES;
				CLANG_WARN_INT_CONVERSION = YES;
				CLANG_WARN_OBJC_ROOT_CLASS = YES_ERROR;
				CLANG_WARN_UNREACHABLE_CODE = YES;
				CLANG_WARN__DUPLICATE_METHOD_MATCH = YES;
				"CODE_SIGN_IDENTITY[sdk=iphoneos*]" = "iPhone Developer";
				COPY_PHASE_STRIP = YES;
				ENABLE_NS_ASSERTIONS = NO;
				ENABLE_STRICT_OBJC_MSGSEND = YES;
				GCC_C_LANGUAGE_STANDARD = gnu99;
				GCC_WARN_64_TO_32_BIT_CONVERSION = YES;
				GCC_WARN_ABOUT_RETURN_TYPE = YES_ERROR;
				GCC_WARN_UNDECLARED_SELECTOR = YES;
				GCC_WARN_UNINITIALIZED_AUTOS = YES_AGGRESSIVE;
				GCC_WARN_UNUSED_FUNCTION = YES;
				GCC_WARN_UNUSED_VARIABLE = YES;
				IPHONEOS_DEPLOYMENT_TARGET = 8.0;
				MTL_ENABLE_DEBUG_INFO = NO;
				SDKROOT = iphoneos;
				VALIDATE_PRODUCT = YES;
			};
			name = Release;
		};
		3F78442C19D540E30049537A /* Debug */ = {
			isa = XCBuildConfiguration;
			buildSettings = {
				ASSETCATALOG_COMPILER_APPICON_NAME = AppIcon;
				INFOPLIST_FILE = lab5/Info.plist;
				LD_RUNPATH_SEARCH_PATHS = "$(inherited) @executable_path/Frameworks";
				PRODUCT_NAME = "$(TARGET_NAME)";
			};
			name = Debug;
		};
		3F78442D19D540E30049537A /* Release */ = {
			isa = XCBuildConfiguration;
			buildSettings = {
				ASSETCATALOG_COMPILER_APPICON_NAME = AppIcon;
				INFOPLIST_FILE = lab5/Info.plist;
				LD_RUNPATH_SEARCH_PATHS = "$(inherited) @executable_path/Frameworks";
				PRODUCT_NAME = "$(TARGET_NAME)";
			};
			name = Release;
		};
		3F78442F19D540E30049537A /* Debug */ = {
			isa = XCBuildConfiguration;
			buildSettings = {
				BUNDLE_LOADER = "$(TEST_HOST)";
				FRAMEWORK_SEARCH_PATHS = (
					"$(SDKROOT)/Developer/Library/Frameworks",
					"$(inherited)",
				);
				GCC_PREPROCESSOR_DEFINITIONS = (
					"DEBUG=1",
					"$(inherited)",
				);
				INFOPLIST_FILE = lab5Tests/Info.plist;
				LD_RUNPATH_SEARCH_PATHS = "$(inherited) @executable_path/Frameworks @loader_path/Frameworks";
				PRODUCT_NAME = "$(TARGET_NAME)";
				TEST_HOST = "$(BUILT_PRODUCTS_DIR)/lab5.app/lab5";
			};
			name = Debug;
		};
		3F78443019D540E30049537A /* Release */ = {
			isa = XCBuildConfiguration;
			buildSettings = {
				BUNDLE_LOADER = "$(TEST_HOST)";
				FRAMEWORK_SEARCH_PATHS = (
					"$(SDKROOT)/Developer/Library/Frameworks",
					"$(inherited)",
				);
				INFOPLIST_FILE = lab5Tests/Info.plist;
				LD_RUNPATH_SEARCH_PATHS = "$(inherited) @executable_path/Frameworks @loader_path/Frameworks";
				PRODUCT_NAME = "$(TARGET_NAME)";
				TEST_HOST = "$(BUILT_PRODUCTS_DIR)/lab5.app/lab5";
			};
			name = Release;
		};
/* End XCBuildConfiguration section */

/* Begin XCConfigurationList section */
		3F78440719D540E30049537A /* Build configuration list for PBXProject "lab5" */ = {
			isa = XCConfigurationList;
			buildConfigurations = (
				3F78442919D540E30049537A /* Debug */,
				3F78442A19D540E30049537A /* Release */,
			);
			defaultConfigurationIsVisible = 0;
			defaultConfigurationName = Release;
		};
		3F78442B19D540E30049537A /* Build configuration list for PBXNativeTarget "lab5" */ = {
			isa = XCConfigurationList;
			buildConfigurations = (
				3F78442C19D540E30049537A /* Debug */,
				3F78442D19D540E30049537A /* Release */,
			);
			defaultConfigurationIsVisible = 0;
		};
		3F78442E19D540E30049537A /* Build configuration list for PBXNativeTarget "lab5Tests" */ = {
			isa = XCConfigurationList;
			buildConfigurations = (
				3F78442F19D540E30049537A /* Debug */,
				3F78443019D540E30049537A /* Release */,
			);
			defaultConfigurationIsVisible = 0;
		};
/* End XCConfigurationList section */
	};
	rootObject = 3F78440419D540E30049537A /* Project object */;
}
