// !$*UTF8*$!
{
	archiveVersion = 1;
	classes = {
	};
	objectVersion = 46;
	objects = {

/* Begin PBXBuildFile section */
		3F12740A1A15E13100B1BD4A /* AppDelegate.swift in Sources */ = {isa = PBXBuildFile; fileRef = 3F1274091A15E13100B1BD4A /* AppDelegate.swift */; };
		3F12740C1A15E13100B1BD4A /* GameScene.sks in Resources */ = {isa = PBXBuildFile; fileRef = 3F12740B1A15E13100B1BD4A /* GameScene.sks */; };
		3F12740E1A15E13100B1BD4A /* GameScene.swift in Sources */ = {isa = PBXBuildFile; fileRef = 3F12740D1A15E13100B1BD4A /* GameScene.swift */; };
		3F1274101A15E13100B1BD4A /* GameViewController.swift in Sources */ = {isa = PBXBuildFile; fileRef = 3F12740F1A15E13100B1BD4A /* GameViewController.swift */; };
		3F1274131A15E13100B1BD4A /* Main.storyboard in Resources */ = {isa = PBXBuildFile; fileRef = 3F1274111A15E13100B1BD4A /* Main.storyboard */; };
		3F1274151A15E13100B1BD4A /* Images.xcassets in Resources */ = {isa = PBXBuildFile; fileRef = 3F1274141A15E13100B1BD4A /* Images.xcassets */; };
		3F1274211A15E13100B1BD4A /* FrappyBirdTests.swift in Sources */ = {isa = PBXBuildFile; fileRef = 3F1274201A15E13100B1BD4A /* FrappyBirdTests.swift */; };
		3F12742D1A15E78A00B1BD4A /* bird.png in Resources */ = {isa = PBXBuildFile; fileRef = 3F12742C1A15E78A00B1BD4A /* bird.png */; };
		3F1274331A15EBD400B1BD4A /* ground.png in Resources */ = {isa = PBXBuildFile; fileRef = 3F1274321A15EBD400B1BD4A /* ground.png */; };
		3F9733451A15FC33008CA080 /* PipeDown.png in Resources */ = {isa = PBXBuildFile; fileRef = 3F9733431A15FC33008CA080 /* PipeDown.png */; };
		3F9733461A15FC33008CA080 /* PipeUp.png in Resources */ = {isa = PBXBuildFile; fileRef = 3F9733441A15FC33008CA080 /* PipeUp.png */; };
/* End PBXBuildFile section */

/* Begin PBXContainerItemProxy section */
		3F12741B1A15E13100B1BD4A /* PBXContainerItemProxy */ = {
			isa = PBXContainerItemProxy;
			containerPortal = 3F1273FC1A15E13100B1BD4A /* Project object */;
			proxyType = 1;
			remoteGlobalIDString = 3F1274031A15E13100B1BD4A;
			remoteInfo = FrappyBird;
		};
/* End PBXContainerItemProxy section */

/* Begin PBXFileReference section */
		3F1274041A15E13100B1BD4A /* FrappyBird.app */ = {isa = PBXFileReference; explicitFileType = wrapper.application; includeInIndex = 0; path = FrappyBird.app; sourceTree = BUILT_PRODUCTS_DIR; };
		3F1274081A15E13100B1BD4A /* Info.plist */ = {isa = PBXFileReference; lastKnownFileType = text.plist.xml; path = Info.plist; sourceTree = "<group>"; };
		3F1274091A15E13100B1BD4A /* AppDelegate.swift */ = {isa = PBXFileReference; lastKnownFileType = sourcecode.swift; path = AppDelegate.swift; sourceTree = "<group>"; };
		3F12740B1A15E13100B1BD4A /* GameScene.sks */ = {isa = PBXFileReference; lastKnownFileType = file.sks; path = GameScene.sks; sourceTree = "<group>"; };
		3F12740D1A15E13100B1BD4A /* GameScene.swift */ = {isa = PBXFileReference; lastKnownFileType = sourcecode.swift; path = GameScene.swift; sourceTree = "<group>"; };
		3F12740F1A15E13100B1BD4A /* GameViewController.swift */ = {isa = PBXFileReference; lastKnownFileType = sourcecode.swift; path = GameViewController.swift; sourceTree = "<group>"; };
		3F1274121A15E13100B1BD4A /* Base */ = {isa = PBXFileReference; lastKnownFileType = file.storyboard; name = Base; path = Base.lproj/Main.storyboard; sourceTree = "<group>"; };
		3F1274141A15E13100B1BD4A /* Images.xcassets */ = {isa = PBXFileReference; lastKnownFileType = folder.assetcatalog; path = Images.xcassets; sourceTree = "<group>"; };
		3F12741A1A15E13100B1BD4A /* FrappyBirdTests.xctest */ = {isa = PBXFileReference; explicitFileType = wrapper.cfbundle; includeInIndex = 0; path = FrappyBirdTests.xctest; sourceTree = BUILT_PRODUCTS_DIR; };
		3F12741F1A15E13100B1BD4A /* Info.plist */ = {isa = PBXFileReference; lastKnownFileType = text.plist.xml; path = Info.plist; sourceTree = "<group>"; };
		3F1274201A15E13100B1BD4A /* FrappyBirdTests.swift */ = {isa = PBXFileReference; lastKnownFileType = sourcecode.swift; path = FrappyBirdTests.swift; sourceTree = "<group>"; };
		3F12742C1A15E78A00B1BD4A /* bird.png */ = {isa = PBXFileReference; lastKnownFileType = image.png; path = bird.png; sourceTree = "<group>"; };
		3F1274321A15EBD400B1BD4A /* ground.png */ = {isa = PBXFileReference; lastKnownFileType = image.png; path = ground.png; sourceTree = "<group>"; };
		3F9733431A15FC33008CA080 /* PipeDown.png */ = {isa = PBXFileReference; lastKnownFileType = image.png; path = PipeDown.png; sourceTree = "<group>"; };
		3F9733441A15FC33008CA080 /* PipeUp.png */ = {isa = PBXFileReference; lastKnownFileType = image.png; path = PipeUp.png; sourceTree = "<group>"; };
/* End PBXFileReference section */

/* Begin PBXFrameworksBuildPhase section */
		3F1274011A15E13100B1BD4A /* Frameworks */ = {
			isa = PBXFrameworksBuildPhase;
			buildActionMask = 2147483647;
			files = (
			);
			runOnlyForDeploymentPostprocessing = 0;
		};
		3F1274171A15E13100B1BD4A /* Frameworks */ = {
			isa = PBXFrameworksBuildPhase;
			buildActionMask = 2147483647;
			files = (
			);
			runOnlyForDeploymentPostprocessing = 0;
		};
/* End PBXFrameworksBuildPhase section */

/* Begin PBXGroup section */
		3F1273FB1A15E13100B1BD4A = {
			isa = PBXGroup;
			children = (
				3F1274061A15E13100B1BD4A /* FrappyBird */,
				3F12741D1A15E13100B1BD4A /* FrappyBirdTests */,
				3F1274051A15E13100B1BD4A /* Products */,
			);
			sourceTree = "<group>";
		};
		3F1274051A15E13100B1BD4A /* Products */ = {
			isa = PBXGroup;
			children = (
				3F1274041A15E13100B1BD4A /* FrappyBird.app */,
				3F12741A1A15E13100B1BD4A /* FrappyBirdTests.xctest */,
			);
			name = Products;
			sourceTree = "<group>";
		};
		3F1274061A15E13100B1BD4A /* FrappyBird */ = {
			isa = PBXGroup;
			children = (
				3F1274091A15E13100B1BD4A /* AppDelegate.swift */,
				3F12740B1A15E13100B1BD4A /* GameScene.sks */,
				3F12740D1A15E13100B1BD4A /* GameScene.swift */,
				3F12740F1A15E13100B1BD4A /* GameViewController.swift */,
				3F1274111A15E13100B1BD4A /* Main.storyboard */,
				3F1274141A15E13100B1BD4A /* Images.xcassets */,
				3F1274071A15E13100B1BD4A /* Supporting Files */,
			);
			path = FrappyBird;
			sourceTree = "<group>";
		};
		3F1274071A15E13100B1BD4A /* Supporting Files */ = {
			isa = PBXGroup;
			children = (
				3F9733431A15FC33008CA080 /* PipeDown.png */,
				3F9733441A15FC33008CA080 /* PipeUp.png */,
				3F1274321A15EBD400B1BD4A /* ground.png */,
				3F12742C1A15E78A00B1BD4A /* bird.png */,
				3F1274081A15E13100B1BD4A /* Info.plist */,
			);
			name = "Supporting Files";
			sourceTree = "<group>";
		};
		3F12741D1A15E13100B1BD4A /* FrappyBirdTests */ = {
			isa = PBXGroup;
			children = (
				3F1274201A15E13100B1BD4A /* FrappyBirdTests.swift */,
				3F12741E1A15E13100B1BD4A /* Supporting Files */,
			);
			path = FrappyBirdTests;
			sourceTree = "<group>";
		};
		3F12741E1A15E13100B1BD4A /* Supporting Files */ = {
			isa = PBXGroup;
			children = (
				3F12741F1A15E13100B1BD4A /* Info.plist */,
			);
			name = "Supporting Files";
			sourceTree = "<group>";
		};
/* End PBXGroup section */

/* Begin PBXNativeTarget section */
		3F1274031A15E13100B1BD4A /* FrappyBird */ = {
			isa = PBXNativeTarget;
			buildConfigurationList = 3F1274241A15E13100B1BD4A /* Build configuration list for PBXNativeTarget "FrappyBird" */;
			buildPhases = (
				3F1274001A15E13100B1BD4A /* Sources */,
				3F1274011A15E13100B1BD4A /* Frameworks */,
				3F1274021A15E13100B1BD4A /* Resources */,
			);
			buildRules = (
			);
			dependencies = (
			);
			name = FrappyBird;
			productName = FrappyBird;
			productReference = 3F1274041A15E13100B1BD4A /* FrappyBird.app */;
			productType = "com.apple.product-type.application";
		};
		3F1274191A15E13100B1BD4A /* FrappyBirdTests */ = {
			isa = PBXNativeTarget;
			buildConfigurationList = 3F1274271A15E13100B1BD4A /* Build configuration list for PBXNativeTarget "FrappyBirdTests" */;
			buildPhases = (
				3F1274161A15E13100B1BD4A /* Sources */,
				3F1274171A15E13100B1BD4A /* Frameworks */,
				3F1274181A15E13100B1BD4A /* Resources */,
			);
			buildRules = (
			);
			dependencies = (
				3F12741C1A15E13100B1BD4A /* PBXTargetDependency */,
			);
			name = FrappyBirdTests;
			productName = FrappyBirdTests;
			productReference = 3F12741A1A15E13100B1BD4A /* FrappyBirdTests.xctest */;
			productType = "com.apple.product-type.bundle.unit-test";
		};
/* End PBXNativeTarget section */

/* Begin PBXProject section */
		3F1273FC1A15E13100B1BD4A /* Project object */ = {
			isa = PBXProject;
			attributes = {
				LastUpgradeCheck = 0600;
				ORGANIZATIONNAME = Student;
				TargetAttributes = {
					3F1274031A15E13100B1BD4A = {
						CreatedOnToolsVersion = 6.0;
					};
					3F1274191A15E13100B1BD4A = {
						CreatedOnToolsVersion = 6.0;
						TestTargetID = 3F1274031A15E13100B1BD4A;
					};
				};
			};
			buildConfigurationList = 3F1273FF1A15E13100B1BD4A /* Build configuration list for PBXProject "FrappyBird" */;
			compatibilityVersion = "Xcode 3.2";
			developmentRegion = English;
			hasScannedForEncodings = 0;
			knownRegions = (
				en,
				Base,
			);
			mainGroup = 3F1273FB1A15E13100B1BD4A;
			productRefGroup = 3F1274051A15E13100B1BD4A /* Products */;
			projectDirPath = "";
			projectRoot = "";
			targets = (
				3F1274031A15E13100B1BD4A /* FrappyBird */,
				3F1274191A15E13100B1BD4A /* FrappyBirdTests */,
			);
		};
/* End PBXProject section */

/* Begin PBXResourcesBuildPhase section */
		3F1274021A15E13100B1BD4A /* Resources */ = {
			isa = PBXResourcesBuildPhase;
			buildActionMask = 2147483647;
			files = (
				3F12742D1A15E78A00B1BD4A /* bird.png in Resources */,
				3F9733451A15FC33008CA080 /* PipeDown.png in Resources */,
				3F1274151A15E13100B1BD4A /* Images.xcassets in Resources */,
				3F12740C1A15E13100B1BD4A /* GameScene.sks in Resources */,
				3F9733461A15FC33008CA080 /* PipeUp.png in Resources */,
				3F1274131A15E13100B1BD4A /* Main.storyboard in Resources */,
				3F1274331A15EBD400B1BD4A /* ground.png in Resources */,
			);
			runOnlyForDeploymentPostprocessing = 0;
		};
		3F1274181A15E13100B1BD4A /* Resources */ = {
			isa = PBXResourcesBuildPhase;
			buildActionMask = 2147483647;
			files = (
			);
			runOnlyForDeploymentPostprocessing = 0;
		};
/* End PBXResourcesBuildPhase section */

/* Begin PBXSourcesBuildPhase section */
		3F1274001A15E13100B1BD4A /* Sources */ = {
			isa = PBXSourcesBuildPhase;
			buildActionMask = 2147483647;
			files = (
				3F12740E1A15E13100B1BD4A /* GameScene.swift in Sources */,
				3F1274101A15E13100B1BD4A /* GameViewController.swift in Sources */,
				3F12740A1A15E13100B1BD4A /* AppDelegate.swift in Sources */,
			);
			runOnlyForDeploymentPostprocessing = 0;
		};
		3F1274161A15E13100B1BD4A /* Sources */ = {
			isa = PBXSourcesBuildPhase;
			buildActionMask = 2147483647;
			files = (
				3F1274211A15E13100B1BD4A /* FrappyBirdTests.swift in Sources */,
			);
			runOnlyForDeploymentPostprocessing = 0;
		};
/* End PBXSourcesBuildPhase section */

/* Begin PBXTargetDependency section */
		3F12741C1A15E13100B1BD4A /* PBXTargetDependency */ = {
			isa = PBXTargetDependency;
			target = 3F1274031A15E13100B1BD4A /* FrappyBird */;
			targetProxy = 3F12741B1A15E13100B1BD4A /* PBXContainerItemProxy */;
		};
/* End PBXTargetDependency section */

/* Begin PBXVariantGroup section */
		3F1274111A15E13100B1BD4A /* Main.storyboard */ = {
			isa = PBXVariantGroup;
			children = (
				3F1274121A15E13100B1BD4A /* Base */,
			);
			name = Main.storyboard;
			sourceTree = "<group>";
		};
/* End PBXVariantGroup section */

/* Begin XCBuildConfiguration section */
		3F1274221A15E13100B1BD4A /* Debug */ = {
			isa = XCBuildConfiguration;
			buildSettings = {
				ALWAYS_SEARCH_USER_PATHS = NO;
				CLANG_CXX_LANGUAGE_STANDARD = "gnu++0x";
				CLANG_CXX_LIBRARY = "libc++";
				CLANG_ENABLE_MODULES = YES;
				CLANG_ENABLE_OBJC_ARC = YES;
				CLANG_WARN_BOOL_CONVERSION = YES;
				CLANG_WARN_CONSTANT_CONVERSION = YES;
				CLANG_WARN_DIRECT_OBJC_ISA_USAGE = YES_ERROR;
				CLANG_WARN_EMPTY_BODY = YES;
				CLANG_WARN_ENUM_CONVERSION = YES;
				CLANG_WARN_INT_CONVERSION = YES;
				CLANG_WARN_OBJC_ROOT_CLASS = YES_ERROR;
				CLANG_WARN_UNREACHABLE_CODE = YES;
				CLANG_WARN__DUPLICATE_METHOD_MATCH = YES;
				"CODE_SIGN_IDENTITY[sdk=iphoneos*]" = "iPhone Developer";
				COPY_PHASE_STRIP = NO;
				ENABLE_STRICT_OBJC_MSGSEND = YES;
				GCC_C_LANGUAGE_STANDARD = gnu99;
				GCC_DYNAMIC_NO_PIC = NO;
				GCC_OPTIMIZATION_LEVEL = 0;
				GCC_PREPROCESSOR_DEFINITIONS = (
					"DEBUG=1",
					"$(inherited)",
				);
				GCC_SYMBOLS_PRIVATE_EXTERN = NO;
				GCC_WARN_64_TO_32_BIT_CONVERSION = YES;
				GCC_WARN_ABOUT_RETURN_TYPE = YES_ERROR;
				GCC_WARN_UNDECLARED_SELECTOR = YES;
				GCC_WARN_UNINITIALIZED_AUTOS = YES_AGGRESSIVE;
				GCC_WARN_UNUSED_FUNCTION = YES;
				GCC_WARN_UNUSED_VARIABLE = YES;
				IPHONEOS_DEPLOYMENT_TARGET = 8.0;
				MTL_ENABLE_DEBUG_INFO = YES;
				ONLY_ACTIVE_ARCH = YES;
				SDKROOT = iphoneos;
				SWIFT_OPTIMIZATION_LEVEL = "-Onone";
			};
			name = Debug;
		};
		3F1274231A15E13100B1BD4A /* Release */ = {
			isa = XCBuildConfiguration;
			buildSettings = {
				ALWAYS_SEARCH_USER_PATHS = NO;
				CLANG_CXX_LANGUAGE_STANDARD = "gnu++0x";
				CLANG_CXX_LIBRARY = "libc++";
				CLANG_ENABLE_MODULES = YES;
				CLANG_ENABLE_OBJC_ARC = YES;
				CLANG_WARN_BOOL_CONVERSION = YES;
				CLANG_WARN_CONSTANT_CONVERSION = YES;
				CLANG_WARN_DIRECT_OBJC_ISA_USAGE = YES_ERROR;
				CLANG_WARN_EMPTY_BODY = YES;
				CLANG_WARN_ENUM_CONVERSION = YES;
				CLANG_WARN_INT_CONVERSION = YES;
				CLANG_WARN_OBJC_ROOT_CLASS = YES_ERROR;
				CLANG_WARN_UNREACHABLE_CODE = YES;
				CLANG_WARN__DUPLICATE_METHOD_MATCH = YES;
				"CODE_SIGN_IDENTITY[sdk=iphoneos*]" = "iPhone Developer";
				COPY_PHASE_STRIP = YES;
				ENABLE_NS_ASSERTIONS = NO;
				ENABLE_STRICT_OBJC_MSGSEND = YES;
				GCC_C_LANGUAGE_STANDARD = gnu99;
				GCC_WARN_64_TO_32_BIT_CONVERSION = YES;
				GCC_WARN_ABOUT_RETURN_TYPE = YES_ERROR;
				GCC_WARN_UNDECLARED_SELECTOR = YES;
				GCC_WARN_UNINITIALIZED_AUTOS = YES_AGGRESSIVE;
				GCC_WARN_UNUSED_FUNCTION = YES;
				GCC_WARN_UNUSED_VARIABLE = YES;
				IPHONEOS_DEPLOYMENT_TARGET = 8.0;
				MTL_ENABLE_DEBUG_INFO = NO;
				SDKROOT = iphoneos;
				VALIDATE_PRODUCT = YES;
			};
			name = Release;
		};
		3F1274251A15E13100B1BD4A /* Debug */ = {
			isa = XCBuildConfiguration;
			buildSettings = {
				ASSETCATALOG_COMPILER_APPICON_NAME = AppIcon;
				ASSETCATALOG_COMPILER_LAUNCHIMAGE_NAME = LaunchImage;
				INFOPLIST_FILE = FrappyBird/Info.plist;
				LD_RUNPATH_SEARCH_PATHS = "$(inherited) @executable_path/Frameworks";
				PRODUCT_NAME = "$(TARGET_NAME)";
			};
			name = Debug;
		};
		3F1274261A15E13100B1BD4A /* Release */ = {
			isa = XCBuildConfiguration;
			buildSettings = {
				ASSETCATALOG_COMPILER_APPICON_NAME = AppIcon;
				ASSETCATALOG_COMPILER_LAUNCHIMAGE_NAME = LaunchImage;
				INFOPLIST_FILE = FrappyBird/Info.plist;
				LD_RUNPATH_SEARCH_PATHS = "$(inherited) @executable_path/Frameworks";
				PRODUCT_NAME = "$(TARGET_NAME)";
			};
			name = Release;
		};
		3F1274281A15E13100B1BD4A /* Debug */ = {
			isa = XCBuildConfiguration;
			buildSettings = {
				BUNDLE_LOADER = "$(BUILT_PRODUCTS_DIR)/FrappyBird.app/FrappyBird";
				FRAMEWORK_SEARCH_PATHS = (
					"$(SDKROOT)/Developer/Library/Frameworks",
					"$(inherited)",
				);
				GCC_PREPROCESSOR_DEFINITIONS = (
					"DEBUG=1",
					"$(inherited)",
				);
				INFOPLIST_FILE = FrappyBirdTests/Info.plist;
				LD_RUNPATH_SEARCH_PATHS = "$(inherited) @executable_path/Frameworks @loader_path/Frameworks";
				PRODUCT_NAME = "$(TARGET_NAME)";
				TEST_HOST = "$(BUNDLE_LOADER)";
			};
			name = Debug;
		};
		3F1274291A15E13100B1BD4A /* Release */ = {
			isa = XCBuildConfiguration;
			buildSettings = {
				BUNDLE_LOADER = "$(BUILT_PRODUCTS_DIR)/FrappyBird.app/FrappyBird";
				FRAMEWORK_SEARCH_PATHS = (
					"$(SDKROOT)/Developer/Library/Frameworks",
					"$(inherited)",
				);
				INFOPLIST_FILE = FrappyBirdTests/Info.plist;
				LD_RUNPATH_SEARCH_PATHS = "$(inherited) @executable_path/Frameworks @loader_path/Frameworks";
				PRODUCT_NAME = "$(TARGET_NAME)";
				TEST_HOST = "$(BUNDLE_LOADER)";
			};
			name = Release;
		};
/* End XCBuildConfiguration section */

/* Begin XCConfigurationList section */
		3F1273FF1A15E13100B1BD4A /* Build configuration list for PBXProject "FrappyBird" */ = {
			isa = XCConfigurationList;
			buildConfigurations = (
				3F1274221A15E13100B1BD4A /* Debug */,
				3F1274231A15E13100B1BD4A /* Release */,
			);
			defaultConfigurationIsVisible = 0;
			defaultConfigurationName = Release;
		};
		3F1274241A15E13100B1BD4A /* Build configuration list for PBXNativeTarget "FrappyBird" */ = {
			isa = XCConfigurationList;
			buildConfigurations = (
				3F1274251A15E13100B1BD4A /* Debug */,
				3F1274261A15E13100B1BD4A /* Release */,
			);
			defaultConfigurationIsVisible = 0;
			defaultConfigurationName = Release;
		};
		3F1274271A15E13100B1BD4A /* Build configuration list for PBXNativeTarget "FrappyBirdTests" */ = {
			isa = XCConfigurationList;
			buildConfigurations = (
				3F1274281A15E13100B1BD4A /* Debug */,
				3F1274291A15E13100B1BD4A /* Release */,
			);
			defaultConfigurationIsVisible = 0;
			defaultConfigurationName = Release;
		};
/* End XCConfigurationList section */
	};
	rootObject = 3F1273FC1A15E13100B1BD4A /* Project object */;
}
